
Microsoft Visual Studio Solution File, Format Version 12.00
# Visual Studio Version 16
VisualStudioVersion = 16.0.29418.71
MinimumVisualStudioVersion = 10.0.40219.1
Project("{FAE04EC0-301F-11D3-BF4B-00C04F79EFBC}") = "trtrurino.iot.mobile.Android", "trtrurino.iot.mobile\trtrurino.iot.mobile.Android\trtrurino.iot.mobile.Android.csproj", "{B9526005-C764-4ACD-9F23-71D5DE42A958}"
EndProject
Project("{FAE04EC0-301F-11D3-BF4B-00C04F79EFBC}") = "trtrurino.iot.mobile.iOS", "trtrurino.iot.mobile\trtrurino.iot.mobile.iOS\trtrurino.iot.mobile.iOS.csproj", "{FE95CC86-1DD1-4154-B34C-155125B77920}"
EndProject
Project("{FAE04EC0-301F-11D3-BF4B-00C04F79EFBC}") = "trtrurino.iot.mobile", "trtrurino.iot.mobile\trtrurino.iot.mobile\trtrurino.iot.mobile.csproj", "{5576BF19-CBDF-43E8-91D8-285C9CE89976}"
EndProject
Global
	GlobalSection(SolutionConfigurationPlatforms) = preSolution
		Debug|Any CPU = Debug|Any CPU
		Debug|iPhone = Debug|iPhone
		Debug|iPhoneSimulator = Debug|iPhoneSimulator
		Release|Any CPU = Release|Any CPU
		Release|iPhone = Release|iPhone
		Release|iPhoneSimulator = Release|iPhoneSimulator
	EndGlobalSection
	GlobalSection(ProjectConfigurationPlatforms) = postSolution
		{B9526005-C764-4ACD-9F23-71D5DE42A958}.Debug|Any CPU.ActiveCfg = Debug|Any CPU
		{B9526005-C764-4ACD-9F23-71D5DE42A958}.Debug|Any CPU.Build.0 = Debug|Any CPU
		{B9526005-C764-4ACD-9F23-71D5DE42A958}.Debug|Any CPU.Deploy.0 = Debug|Any CPU
		{B9526005-C764-4ACD-9F23-71D5DE42A958}.Debug|iPhone.ActiveCfg = Debug|Any CPU
		{B9526005-C764-4ACD-9F23-71D5DE42A958}.Debug|iPhone.Build.0 = Debug|Any CPU
		{B9526005-C764-4ACD-9F23-71D5DE42A958}.Debug|iPhone.Deploy.0 = Debug|Any CPU
		{B9526005-C764-4ACD-9F23-71D5DE42A958}.Debug|iPhoneSimulator.ActiveCfg = Debug|Any CPU
		{B9526005-C764-4ACD-9F23-71D5DE42A958}.Debug|iPhoneSimulator.Build.0 = Debug|Any CPU
		{B9526005-C764-4ACD-9F23-71D5DE42A958}.Debug|iPhoneSimulator.Deploy.0 = Debug|Any CPU
		{B9526005-C764-4ACD-9F23-71D5DE42A958}.Release|Any CPU.ActiveCfg = Release|Any CPU
		{B9526005-C764-4ACD-9F23-71D5DE42A958}.Release|Any CPU.Build.0 = Release|Any CPU
		{B9526005-C764-4ACD-9F23-71D5DE42A958}.Release|Any CPU.Deploy.0 = Release|Any CPU
		{B9526005-C764-4ACD-9F23-71D5DE42A958}.Release|iPhone.ActiveCfg = Release|Any CPU
		{B9526005-C764-4ACD-9F23-71D5DE42A958}.Release|iPhone.Build.0 = Release|Any CPU
		{B9526005-C764-4ACD-9F23-71D5DE42A958}.Release|iPhone.Deploy.0 = Release|Any CPU
		{B9526005-C764-4ACD-9F23-71D5DE42A958}.Release|iPhoneSimulator.ActiveCfg = Release|Any CPU
		{B9526005-C764-4ACD-9F23-71D5DE42A958}.Release|iPhoneSimulator.Build.0 = Release|Any CPU
		{B9526005-C764-4ACD-9F23-71D5DE42A958}.Release|iPhoneSimulator.Deploy.0 = Release|Any CPU
		{FE95CC86-1DD1-4154-B34C-155125B77920}.Debug|Any CPU.ActiveCfg = Debug|iPhoneSimulator
		{FE95CC86-1DD1-4154-B34C-155125B77920}.Debug|Any CPU.Build.0 = Debug|iPhoneSimulator
		{FE95CC86-1DD1-4154-B34C-155125B77920}.Debug|Any CPU.Deploy.0 = Debug|iPhoneSimulator
		{FE95CC86-1DD1-4154-B34C-155125B77920}.Debug|iPhone.ActiveCfg = Debug|iPhone
		{FE95CC86-1DD1-4154-B34C-155125B77920}.Debug|iPhone.Build.0 = Debug|iPhone
		{FE95CC86-1DD1-4154-B34C-155125B77920}.Debug|iPhone.Deploy.0 = Debug|iPhone
		{FE95CC86-1DD1-4154-B34C-155125B77920}.Debug|iPhoneSimulator.ActiveCfg = Debug|iPhoneSimulator
		{FE95CC86-1DD1-4154-B34C-155125B77920}.Debug|iPhoneSimulator.Build.0 = Debug|iPhoneSimulator
		{FE95CC86-1DD1-4154-B34C-155125B77920}.Debug|iPhoneSimulator.Deploy.0 = Debug|iPhoneSimulator
		{FE95CC86-1DD1-4154-B34C-155125B77920}.Release|Any CPU.ActiveCfg = Release|iPhone
		{FE95CC86-1DD1-4154-B34C-155125B77920}.Release|Any CPU.Build.0 = Release|iPhone
		{FE95CC86-1DD1-4154-B34C-155125B77920}.Release|Any CPU.Deploy.0 = Release|iPhone
		{FE95CC86-1DD1-4154-B34C-155125B77920}.Release|iPhone.ActiveCfg = Release|iPhone
		{FE95CC86-1DD1-4154-B34C-155125B77920}.Release|iPhone.Build.0 = Release|iPhone
		{FE95CC86-1DD1-4154-B34C-155125B77920}.Release|iPhone.Deploy.0 = Release|iPhone
		{FE95CC86-1DD1-4154-B34C-155125B77920}.Release|iPhoneSimulator.ActiveCfg = Release|iPhoneSimulator
		{FE95CC86-1DD1-4154-B34C-155125B77920}.Release|iPhoneSimulator.Build.0 = Release|iPhoneSimulator
		{FE95CC86-1DD1-4154-B34C-155125B77920}.Release|iPhoneSimulator.Deploy.0 = Release|iPhoneSimulator
		{5576BF19-CBDF-43E8-91D8-285C9CE89976}.Debug|Any CPU.ActiveCfg = Debug|Any CPU
		{5576BF19-CBDF-43E8-91D8-285C9CE89976}.Debug|Any CPU.Build.0 = Debug|Any CPU
		{5576BF19-CBDF-43E8-91D8-285C9CE89976}.Debug|Any CPU.Deploy.0 = Debug|Any CPU
		{5576BF19-CBDF-43E8-91D8-285C9CE89976}.Debug|iPhone.ActiveCfg = Debug|Any CPU
		{5576BF19-CBDF-43E8-91D8-285C9CE89976}.Debug|iPhone.Build.0 = Debug|Any CPU
		{5576BF19-CBDF-43E8-91D8-285C9CE89976}.Debug|iPhone.Deploy.0 = Debug|Any CPU
		{5576BF19-CBDF-43E8-91D8-285C9CE89976}.Debug|iPhoneSimulator.ActiveCfg = Debug|Any CPU
		{5576BF19-CBDF-43E8-91D8-285C9CE89976}.Debug|iPhoneSimulator.Build.0 = Debug|Any CPU
		{5576BF19-CBDF-43E8-91D8-285C9CE89976}.Debug|iPhoneSimulator.Deploy.0 = Debug|Any CPU
		{5576BF19-CBDF-43E8-91D8-285C9CE89976}.Release|Any CPU.ActiveCfg = Release|Any CPU
		{5576BF19-CBDF-43E8-91D8-285C9CE89976}.Release|Any CPU.Build.0 = Release|Any CPU
		{5576BF19-CBDF-43E8-91D8-285C9CE89976}.Release|Any CPU.Deploy.0 = Release|Any CPU
		{5576BF19-CBDF-43E8-91D8-285C9CE89976}.Release|iPhone.ActiveCfg = Release|Any CPU
		{5576BF19-CBDF-43E8-91D8-285C9CE89976}.Release|iPhone.Build.0 = Release|Any CPU
		{5576BF19-CBDF-43E8-91D8-285C9CE89976}.Release|iPhone.Deploy.0 = Release|Any CPU
		{5576BF19-CBDF-43E8-91D8-285C9CE89976}.Release|iPhoneSimulator.ActiveCfg = Release|Any CPU
		{5576BF19-CBDF-43E8-91D8-285C9CE89976}.Release|iPhoneSimulator.Build.0 = Release|Any CPU
		{5576BF19-CBDF-43E8-91D8-285C9CE89976}.Release|iPhoneSimulator.Deploy.0 = Release|Any CPU
	EndGlobalSection
	GlobalSection(SolutionProperties) = preSolution
		HideSolutionNode = FALSE
	EndGlobalSection
	GlobalSection(ExtensibilityGlobals) = postSolution
		SolutionGuid = {04C8DDF4-B570-4198-BDE4-B1515763504F}
	EndGlobalSection
EndGlobal
