
Microsoft Visual Studio Solution File, Format Version 12.00
# Visual Studio 15
Project("{FAE04EC0-301F-11D3-BF4B-00C04F79EFBC}") = "trturino.iot.app.Android", "trturino.iot.app.Android\trturino.iot.app.Android.csproj", "{CF0AA1DA-9F39-4036-909D-DB35706340E4}"
EndProject
Project("{FAE04EC0-301F-11D3-BF4B-00C04F79EFBC}") = "trturino.iot.app.iOS", "trturino.iot.app.iOS\trturino.iot.app.iOS.csproj", "{921C66ED-FD3B-4291-8752-3FDE38FE1501}"
EndProject
Project("{FAE04EC0-301F-11D3-BF4B-00C04F79EFBC}") = "trturino.iot.app", "trturino.iot.app\trturino.iot.app.csproj", "{82CBC254-B070-4770-90DE-F2E00D5443EA}"
EndProject
Global
	GlobalSection(SolutionConfigurationPlatforms) = preSolution
		Debug|Any CPU = Debug|Any CPU
		Release|Any CPU = Release|Any CPU
		Debug|iPhoneSimulator = Debug|iPhoneSimulator
		Release|iPhoneSimulator = Release|iPhoneSimulator
		Debug|iPhone = Debug|iPhone
		Release|iPhone = Release|iPhone
	EndGlobalSection
	GlobalSection(ProjectConfigurationPlatforms) = postSolution
		{CF0AA1DA-9F39-4036-909D-DB35706340E4}.Debug|Any CPU.ActiveCfg = Debug|Any CPU
		{CF0AA1DA-9F39-4036-909D-DB35706340E4}.Debug|Any CPU.Build.0 = Debug|Any CPU
		{CF0AA1DA-9F39-4036-909D-DB35706340E4}.Release|Any CPU.ActiveCfg = Release|Any CPU
		{CF0AA1DA-9F39-4036-909D-DB35706340E4}.Release|Any CPU.Build.0 = Release|Any CPU
		{CF0AA1DA-9F39-4036-909D-DB35706340E4}.Debug|iPhoneSimulator.ActiveCfg = Debug|Any CPU
		{CF0AA1DA-9F39-4036-909D-DB35706340E4}.Debug|iPhoneSimulator.Build.0 = Debug|Any CPU
		{CF0AA1DA-9F39-4036-909D-DB35706340E4}.Release|iPhoneSimulator.ActiveCfg = Release|Any CPU
		{CF0AA1DA-9F39-4036-909D-DB35706340E4}.Release|iPhoneSimulator.Build.0 = Release|Any CPU
		{CF0AA1DA-9F39-4036-909D-DB35706340E4}.Debug|iPhone.ActiveCfg = Debug|Any CPU
		{CF0AA1DA-9F39-4036-909D-DB35706340E4}.Debug|iPhone.Build.0 = Debug|Any CPU
		{CF0AA1DA-9F39-4036-909D-DB35706340E4}.Release|iPhone.ActiveCfg = Release|Any CPU
		{CF0AA1DA-9F39-4036-909D-DB35706340E4}.Release|iPhone.Build.0 = Release|Any CPU
		{921C66ED-FD3B-4291-8752-3FDE38FE1501}.Debug|Any CPU.ActiveCfg = Debug|iPhoneSimulator
		{921C66ED-FD3B-4291-8752-3FDE38FE1501}.Debug|Any CPU.Build.0 = Debug|iPhoneSimulator
		{921C66ED-FD3B-4291-8752-3FDE38FE1501}.Release|Any CPU.ActiveCfg = Release|iPhoneSimulator
		{921C66ED-FD3B-4291-8752-3FDE38FE1501}.Release|Any CPU.Build.0 = Release|iPhoneSimulator
		{921C66ED-FD3B-4291-8752-3FDE38FE1501}.Debug|iPhoneSimulator.ActiveCfg = Debug|iPhoneSimulator
		{921C66ED-FD3B-4291-8752-3FDE38FE1501}.Debug|iPhoneSimulator.Build.0 = Debug|iPhoneSimulator
		{921C66ED-FD3B-4291-8752-3FDE38FE1501}.Release|iPhoneSimulator.ActiveCfg = Release|iPhoneSimulator
		{921C66ED-FD3B-4291-8752-3FDE38FE1501}.Release|iPhoneSimulator.Build.0 = Release|iPhoneSimulator
		{921C66ED-FD3B-4291-8752-3FDE38FE1501}.Debug|iPhone.ActiveCfg = Debug|iPhone
		{921C66ED-FD3B-4291-8752-3FDE38FE1501}.Debug|iPhone.Build.0 = Debug|iPhone
		{921C66ED-FD3B-4291-8752-3FDE38FE1501}.Release|iPhone.ActiveCfg = Release|iPhone
		{921C66ED-FD3B-4291-8752-3FDE38FE1501}.Release|iPhone.Build.0 = Release|iPhone
		{82CBC254-B070-4770-90DE-F2E00D5443EA}.Debug|Any CPU.ActiveCfg = Debug|Any CPU
		{82CBC254-B070-4770-90DE-F2E00D5443EA}.Debug|Any CPU.Build.0 = Debug|Any CPU
		{82CBC254-B070-4770-90DE-F2E00D5443EA}.Release|Any CPU.ActiveCfg = Release|Any CPU
		{82CBC254-B070-4770-90DE-F2E00D5443EA}.Release|Any CPU.Build.0 = Release|Any CPU
		{82CBC254-B070-4770-90DE-F2E00D5443EA}.Debug|iPhoneSimulator.ActiveCfg = Debug|Any CPU
		{82CBC254-B070-4770-90DE-F2E00D5443EA}.Debug|iPhoneSimulator.Build.0 = Debug|Any CPU
		{82CBC254-B070-4770-90DE-F2E00D5443EA}.Release|iPhoneSimulator.ActiveCfg = Release|Any CPU
		{82CBC254-B070-4770-90DE-F2E00D5443EA}.Release|iPhoneSimulator.Build.0 = Release|Any CPU
		{82CBC254-B070-4770-90DE-F2E00D5443EA}.Debug|iPhone.ActiveCfg = Debug|Any CPU
		{82CBC254-B070-4770-90DE-F2E00D5443EA}.Debug|iPhone.Build.0 = Debug|Any CPU
		{82CBC254-B070-4770-90DE-F2E00D5443EA}.Release|iPhone.ActiveCfg = Release|Any CPU
		{82CBC254-B070-4770-90DE-F2E00D5443EA}.Release|iPhone.Build.0 = Release|Any CPU
	EndGlobalSection
EndGlobal
